
Microsoft Visual Studio Solution File, Format Version 12.00
# Visual Studio Version 17
VisualStudioVersion = 17.0.31903.59
MinimumVisualStudioVersion = 10.0.40219.1
Project("{FAE04EC0-301F-11D3-BF4B-00C04F79EFBC}") = "DailyTrackerService", "DailyTrackerService\DailyTrackerService.csproj", "{75A297B3-C39F-4683-A535-0AFC08B687AE}"
EndProject
Project("{2150E333-8FDC-42A3-9474-1A3956D46DE8}") = "src", "src", "{827E0CD3-B72D-47B6-A68D-7590B98EB39B}"
EndProject
Project("{FAE04EC0-301F-11D3-BF4B-00C04F79EFBC}") = "DailyTracker.Domain", "src\DailyTracker.Domain\DailyTracker.Domain.csproj", "{26FB3D59-C905-4DBD-84AC-5281EA2BEF72}"
EndProject
Project("{FAE04EC0-301F-11D3-BF4B-00C04F79EFBC}") = "DailyTracker.Application", "src\DailyTracker.Application\DailyTracker.Application.csproj", "{1496B62E-F3E0-40FA-BDC6-79A978CA9551}"
EndProject
Project("{FAE04EC0-301F-11D3-BF4B-00C04F79EFBC}") = "DailyTracker.Infrastructure", "src\DailyTracker.Infrastructure\DailyTracker.Infrastructure.csproj", "{9B8BBBEF-3F5D-4479-9ED6-8851D8D48772}"
EndProject
Project("{FAE04EC0-301F-11D3-BF4B-00C04F79EFBC}") = "DailyTracker.Api", "src\DailyTracker.Api\DailyTracker.Api.csproj", "{C3178853-A311-4694-BC77-DFD2BF389614}"
EndProject
Project("{FAE04EC0-301F-11D3-BF4B-00C04F79EFBC}") = "DailyTracker.Domain.Tests", "tests\DailyTracker.Domain.Tests\DailyTracker.Domain.Tests.csproj", "{5B76D171-7B52-4699-9C64-52D5F4E0E99E}"
EndProject
Project("{FAE04EC0-301F-11D3-BF4B-00C04F79EFBC}") = "DailyTracker.Application.Tests", "tests\DailyTracker.Application.Tests\DailyTracker.Application.Tests.csproj", "{281D67DE-0681-46FE-903B-94EE3D63F961}"
EndProject
Project("{FAE04EC0-301F-11D3-BF4B-00C04F79EFBC}") = "DailyTracker.Infrastructure.Tests", "tests\DailyTracker.Infrastructure.Tests\DailyTracker.Infrastructure.Tests.csproj", "{43CF26FA-97F2-4170-8F5B-1BB439599365}"
EndProject
Project("{FAE04EC0-301F-11D3-BF4B-00C04F79EFBC}") = "DailyTracker.Api.IntegrationTests", "tests\DailyTracker.Api.IntegrationTests\DailyTracker.Api.IntegrationTests.csproj", "{34B2971D-40EF-4A4B-B3A2-D88D281A6427}"
EndProject
Project("{FAE04EC0-301F-11D3-BF4B-00C04F79EFBC}") = "DailyTracker.Contracts.Tests", "tests\DailyTracker.Contracts.Tests\DailyTracker.Contracts.Tests.csproj", "{58D8EEE7-5A16-484A-BA26-DB9D9ADA44EF}"
EndProject
Global
	GlobalSection(SolutionConfigurationPlatforms) = preSolution
		Debug|Any CPU = Debug|Any CPU
		Debug|x64 = Debug|x64
		Debug|x86 = Debug|x86
		Release|Any CPU = Release|Any CPU
		Release|x64 = Release|x64
		Release|x86 = Release|x86
	EndGlobalSection
	GlobalSection(ProjectConfigurationPlatforms) = postSolution
		{75A297B3-C39F-4683-A535-0AFC08B687AE}.Debug|Any CPU.ActiveCfg = Debug|Any CPU
		{75A297B3-C39F-4683-A535-0AFC08B687AE}.Debug|Any CPU.Build.0 = Debug|Any CPU
		{75A297B3-C39F-4683-A535-0AFC08B687AE}.Debug|x64.ActiveCfg = Debug|Any CPU
		{75A297B3-C39F-4683-A535-0AFC08B687AE}.Debug|x64.Build.0 = Debug|Any CPU
		{75A297B3-C39F-4683-A535-0AFC08B687AE}.Debug|x86.ActiveCfg = Debug|Any CPU
		{75A297B3-C39F-4683-A535-0AFC08B687AE}.Debug|x86.Build.0 = Debug|Any CPU
		{75A297B3-C39F-4683-A535-0AFC08B687AE}.Release|Any CPU.ActiveCfg = Release|Any CPU
		{75A297B3-C39F-4683-A535-0AFC08B687AE}.Release|Any CPU.Build.0 = Release|Any CPU
		{75A297B3-C39F-4683-A535-0AFC08B687AE}.Release|x64.ActiveCfg = Release|Any CPU
		{75A297B3-C39F-4683-A535-0AFC08B687AE}.Release|x64.Build.0 = Release|Any CPU
		{75A297B3-C39F-4683-A535-0AFC08B687AE}.Release|x86.ActiveCfg = Release|Any CPU
		{75A297B3-C39F-4683-A535-0AFC08B687AE}.Release|x86.Build.0 = Release|Any CPU
		{26FB3D59-C905-4DBD-84AC-5281EA2BEF72}.Debug|Any CPU.ActiveCfg = Debug|Any CPU
		{26FB3D59-C905-4DBD-84AC-5281EA2BEF72}.Debug|Any CPU.Build.0 = Debug|Any CPU
		{26FB3D59-C905-4DBD-84AC-5281EA2BEF72}.Debug|x64.ActiveCfg = Debug|Any CPU
		{26FB3D59-C905-4DBD-84AC-5281EA2BEF72}.Debug|x64.Build.0 = Debug|Any CPU
		{26FB3D59-C905-4DBD-84AC-5281EA2BEF72}.Debug|x86.ActiveCfg = Debug|Any CPU
		{26FB3D59-C905-4DBD-84AC-5281EA2BEF72}.Debug|x86.Build.0 = Debug|Any CPU
		{26FB3D59-C905-4DBD-84AC-5281EA2BEF72}.Release|Any CPU.ActiveCfg = Release|Any CPU
		{26FB3D59-C905-4DBD-84AC-5281EA2BEF72}.Release|Any CPU.Build.0 = Release|Any CPU
		{26FB3D59-C905-4DBD-84AC-5281EA2BEF72}.Release|x64.ActiveCfg = Release|Any CPU
		{26FB3D59-C905-4DBD-84AC-5281EA2BEF72}.Release|x64.Build.0 = Release|Any CPU
		{26FB3D59-C905-4DBD-84AC-5281EA2BEF72}.Release|x86.ActiveCfg = Release|Any CPU
		{26FB3D59-C905-4DBD-84AC-5281EA2BEF72}.Release|x86.Build.0 = Release|Any CPU
		{1496B62E-F3E0-40FA-BDC6-79A978CA9551}.Debug|Any CPU.ActiveCfg = Debug|Any CPU
		{1496B62E-F3E0-40FA-BDC6-79A978CA9551}.Debug|Any CPU.Build.0 = Debug|Any CPU
		{1496B62E-F3E0-40FA-BDC6-79A978CA9551}.Debug|x64.ActiveCfg = Debug|Any CPU
		{1496B62E-F3E0-40FA-BDC6-79A978CA9551}.Debug|x64.Build.0 = Debug|Any CPU
		{1496B62E-F3E0-40FA-BDC6-79A978CA9551}.Debug|x86.ActiveCfg = Debug|Any CPU
		{1496B62E-F3E0-40FA-BDC6-79A978CA9551}.Debug|x86.Build.0 = Debug|Any CPU
		{1496B62E-F3E0-40FA-BDC6-79A978CA9551}.Release|Any CPU.ActiveCfg = Release|Any CPU
		{1496B62E-F3E0-40FA-BDC6-79A978CA9551}.Release|Any CPU.Build.0 = Release|Any CPU
		{1496B62E-F3E0-40FA-BDC6-79A978CA9551}.Release|x64.ActiveCfg = Release|Any CPU
		{1496B62E-F3E0-40FA-BDC6-79A978CA9551}.Release|x64.Build.0 = Release|Any CPU
		{1496B62E-F3E0-40FA-BDC6-79A978CA9551}.Release|x86.ActiveCfg = Release|Any CPU
		{1496B62E-F3E0-40FA-BDC6-79A978CA9551}.Release|x86.Build.0 = Release|Any CPU
		{9B8BBBEF-3F5D-4479-9ED6-8851D8D48772}.Debug|Any CPU.ActiveCfg = Debug|Any CPU
		{9B8BBBEF-3F5D-4479-9ED6-8851D8D48772}.Debug|Any CPU.Build.0 = Debug|Any CPU
		{9B8BBBEF-3F5D-4479-9ED6-8851D8D48772}.Debug|x64.ActiveCfg = Debug|Any CPU
		{9B8BBBEF-3F5D-4479-9ED6-8851D8D48772}.Debug|x64.Build.0 = Debug|Any CPU
		{9B8BBBEF-3F5D-4479-9ED6-8851D8D48772}.Debug|x86.ActiveCfg = Debug|Any CPU
		{9B8BBBEF-3F5D-4479-9ED6-8851D8D48772}.Debug|x86.Build.0 = Debug|Any CPU
		{9B8BBBEF-3F5D-4479-9ED6-8851D8D48772}.Release|Any CPU.ActiveCfg = Release|Any CPU
		{9B8BBBEF-3F5D-4479-9ED6-8851D8D48772}.Release|Any CPU.Build.0 = Release|Any CPU
		{9B8BBBEF-3F5D-4479-9ED6-8851D8D48772}.Release|x64.ActiveCfg = Release|Any CPU
		{9B8BBBEF-3F5D-4479-9ED6-8851D8D48772}.Release|x64.Build.0 = Release|Any CPU
		{9B8BBBEF-3F5D-4479-9ED6-8851D8D48772}.Release|x86.ActiveCfg = Release|Any CPU
		{9B8BBBEF-3F5D-4479-9ED6-8851D8D48772}.Release|x86.Build.0 = Release|Any CPU
		{C3178853-A311-4694-BC77-DFD2BF389614}.Debug|Any CPU.ActiveCfg = Debug|Any CPU
		{C3178853-A311-4694-BC77-DFD2BF389614}.Debug|Any CPU.Build.0 = Debug|Any CPU
		{C3178853-A311-4694-BC77-DFD2BF389614}.Debug|x64.ActiveCfg = Debug|Any CPU
		{C3178853-A311-4694-BC77-DFD2BF389614}.Debug|x64.Build.0 = Debug|Any CPU
		{C3178853-A311-4694-BC77-DFD2BF389614}.Debug|x86.ActiveCfg = Debug|Any CPU
		{C3178853-A311-4694-BC77-DFD2BF389614}.Debug|x86.Build.0 = Debug|Any CPU
		{C3178853-A311-4694-BC77-DFD2BF389614}.Release|Any CPU.ActiveCfg = Release|Any CPU
		{C3178853-A311-4694-BC77-DFD2BF389614}.Release|Any CPU.Build.0 = Release|Any CPU
		{C3178853-A311-4694-BC77-DFD2BF389614}.Release|x64.ActiveCfg = Release|Any CPU
		{C3178853-A311-4694-BC77-DFD2BF389614}.Release|x64.Build.0 = Release|Any CPU
		{C3178853-A311-4694-BC77-DFD2BF389614}.Release|x86.ActiveCfg = Release|Any CPU
		{C3178853-A311-4694-BC77-DFD2BF389614}.Release|x86.Build.0 = Release|Any CPU
		{5B76D171-7B52-4699-9C64-52D5F4E0E99E}.Debug|Any CPU.ActiveCfg = Debug|Any CPU
		{5B76D171-7B52-4699-9C64-52D5F4E0E99E}.Debug|Any CPU.Build.0 = Debug|Any CPU
		{5B76D171-7B52-4699-9C64-52D5F4E0E99E}.Debug|x64.ActiveCfg = Debug|Any CPU
		{5B76D171-7B52-4699-9C64-52D5F4E0E99E}.Debug|x64.Build.0 = Debug|Any CPU
		{5B76D171-7B52-4699-9C64-52D5F4E0E99E}.Debug|x86.ActiveCfg = Debug|Any CPU
		{5B76D171-7B52-4699-9C64-52D5F4E0E99E}.Debug|x86.Build.0 = Debug|Any CPU
		{5B76D171-7B52-4699-9C64-52D5F4E0E99E}.Release|Any CPU.ActiveCfg = Release|Any CPU
		{5B76D171-7B52-4699-9C64-52D5F4E0E99E}.Release|Any CPU.Build.0 = Release|Any CPU
		{5B76D171-7B52-4699-9C64-52D5F4E0E99E}.Release|x64.ActiveCfg = Release|Any CPU
		{5B76D171-7B52-4699-9C64-52D5F4E0E99E}.Release|x64.Build.0 = Release|Any CPU
		{5B76D171-7B52-4699-9C64-52D5F4E0E99E}.Release|x86.ActiveCfg = Release|Any CPU
		{5B76D171-7B52-4699-9C64-52D5F4E0E99E}.Release|x86.Build.0 = Release|Any CPU
		{281D67DE-0681-46FE-903B-94EE3D63F961}.Debug|Any CPU.ActiveCfg = Debug|Any CPU
		{281D67DE-0681-46FE-903B-94EE3D63F961}.Debug|Any CPU.Build.0 = Debug|Any CPU
		{281D67DE-0681-46FE-903B-94EE3D63F961}.Debug|x64.ActiveCfg = Debug|Any CPU
		{281D67DE-0681-46FE-903B-94EE3D63F961}.Debug|x64.Build.0 = Debug|Any CPU
		{281D67DE-0681-46FE-903B-94EE3D63F961}.Debug|x86.ActiveCfg = Debug|Any CPU
		{281D67DE-0681-46FE-903B-94EE3D63F961}.Debug|x86.Build.0 = Debug|Any CPU
		{281D67DE-0681-46FE-903B-94EE3D63F961}.Release|Any CPU.ActiveCfg = Release|Any CPU
		{281D67DE-0681-46FE-903B-94EE3D63F961}.Release|Any CPU.Build.0 = Release|Any CPU
		{281D67DE-0681-46FE-903B-94EE3D63F961}.Release|x64.ActiveCfg = Release|Any CPU
		{281D67DE-0681-46FE-903B-94EE3D63F961}.Release|x64.Build.0 = Release|Any CPU
		{281D67DE-0681-46FE-903B-94EE3D63F961}.Release|x86.ActiveCfg = Release|Any CPU
		{281D67DE-0681-46FE-903B-94EE3D63F961}.Release|x86.Build.0 = Release|Any CPU
		{43CF26FA-97F2-4170-8F5B-1BB439599365}.Debug|Any CPU.ActiveCfg = Debug|Any CPU
		{43CF26FA-97F2-4170-8F5B-1BB439599365}.Debug|Any CPU.Build.0 = Debug|Any CPU
		{43CF26FA-97F2-4170-8F5B-1BB439599365}.Debug|x64.ActiveCfg = Debug|Any CPU
		{43CF26FA-97F2-4170-8F5B-1BB439599365}.Debug|x64.Build.0 = Debug|Any CPU
		{43CF26FA-97F2-4170-8F5B-1BB439599365}.Debug|x86.ActiveCfg = Debug|Any CPU
		{43CF26FA-97F2-4170-8F5B-1BB439599365}.Debug|x86.Build.0 = Debug|Any CPU
		{43CF26FA-97F2-4170-8F5B-1BB439599365}.Release|Any CPU.ActiveCfg = Release|Any CPU
		{43CF26FA-97F2-4170-8F5B-1BB439599365}.Release|Any CPU.Build.0 = Release|Any CPU
		{43CF26FA-97F2-4170-8F5B-1BB439599365}.Release|x64.ActiveCfg = Release|Any CPU
		{43CF26FA-97F2-4170-8F5B-1BB439599365}.Release|x64.Build.0 = Release|Any CPU
		{43CF26FA-97F2-4170-8F5B-1BB439599365}.Release|x86.ActiveCfg = Release|Any CPU
		{43CF26FA-97F2-4170-8F5B-1BB439599365}.Release|x86.Build.0 = Release|Any CPU
		{34B2971D-40EF-4A4B-B3A2-D88D281A6427}.Debug|Any CPU.ActiveCfg = Debug|Any CPU
		{34B2971D-40EF-4A4B-B3A2-D88D281A6427}.Debug|Any CPU.Build.0 = Debug|Any CPU
		{34B2971D-40EF-4A4B-B3A2-D88D281A6427}.Debug|x64.ActiveCfg = Debug|Any CPU
		{34B2971D-40EF-4A4B-B3A2-D88D281A6427}.Debug|x64.Build.0 = Debug|Any CPU
		{34B2971D-40EF-4A4B-B3A2-D88D281A6427}.Debug|x86.ActiveCfg = Debug|Any CPU
		{34B2971D-40EF-4A4B-B3A2-D88D281A6427}.Debug|x86.Build.0 = Debug|Any CPU
		{34B2971D-40EF-4A4B-B3A2-D88D281A6427}.Release|Any CPU.ActiveCfg = Release|Any CPU
		{34B2971D-40EF-4A4B-B3A2-D88D281A6427}.Release|Any CPU.Build.0 = Release|Any CPU
		{34B2971D-40EF-4A4B-B3A2-D88D281A6427}.Release|x64.ActiveCfg = Release|Any CPU
		{34B2971D-40EF-4A4B-B3A2-D88D281A6427}.Release|x64.Build.0 = Release|Any CPU
		{34B2971D-40EF-4A4B-B3A2-D88D281A6427}.Release|x86.ActiveCfg = Release|Any CPU
		{34B2971D-40EF-4A4B-B3A2-D88D281A6427}.Release|x86.Build.0 = Release|Any CPU
		{58D8EEE7-5A16-484A-BA26-DB9D9ADA44EF}.Debug|Any CPU.ActiveCfg = Debug|Any CPU
		{58D8EEE7-5A16-484A-BA26-DB9D9ADA44EF}.Debug|Any CPU.Build.0 = Debug|Any CPU
		{58D8EEE7-5A16-484A-BA26-DB9D9ADA44EF}.Debug|x64.ActiveCfg = Debug|Any CPU
		{58D8EEE7-5A16-484A-BA26-DB9D9ADA44EF}.Debug|x64.Build.0 = Debug|Any CPU
		{58D8EEE7-5A16-484A-BA26-DB9D9ADA44EF}.Debug|x86.ActiveCfg = Debug|Any CPU
		{58D8EEE7-5A16-484A-BA26-DB9D9ADA44EF}.Debug|x86.Build.0 = Debug|Any CPU
		{58D8EEE7-5A16-484A-BA26-DB9D9ADA44EF}.Release|Any CPU.ActiveCfg = Release|Any CPU
		{58D8EEE7-5A16-484A-BA26-DB9D9ADA44EF}.Release|Any CPU.Build.0 = Release|Any CPU
		{58D8EEE7-5A16-484A-BA26-DB9D9ADA44EF}.Release|x64.ActiveCfg = Release|Any CPU
		{58D8EEE7-5A16-484A-BA26-DB9D9ADA44EF}.Release|x64.Build.0 = Release|Any CPU
		{58D8EEE7-5A16-484A-BA26-DB9D9ADA44EF}.Release|x86.ActiveCfg = Release|Any CPU
		{58D8EEE7-5A16-484A-BA26-DB9D9ADA44EF}.Release|x86.Build.0 = Release|Any CPU
	EndGlobalSection
	GlobalSection(SolutionProperties) = preSolution
		HideSolutionNode = FALSE
	EndGlobalSection
	GlobalSection(NestedProjects) = preSolution
		{26FB3D59-C905-4DBD-84AC-5281EA2BEF72} = {827E0CD3-B72D-47B6-A68D-7590B98EB39B}
		{1496B62E-F3E0-40FA-BDC6-79A978CA9551} = {827E0CD3-B72D-47B6-A68D-7590B98EB39B}
		{9B8BBBEF-3F5D-4479-9ED6-8851D8D48772} = {827E0CD3-B72D-47B6-A68D-7590B98EB39B}
		{C3178853-A311-4694-BC77-DFD2BF389614} = {827E0CD3-B72D-47B6-A68D-7590B98EB39B}
		{5B76D171-7B52-4699-9C64-52D5F4E0E99E} = {827E0CD3-B72D-47B6-A68D-7590B98EB39B}
		{281D67DE-0681-46FE-903B-94EE3D63F961} = {827E0CD3-B72D-47B6-A68D-7590B98EB39B}
		{43CF26FA-97F2-4170-8F5B-1BB439599365} = {827E0CD3-B72D-47B6-A68D-7590B98EB39B}
		{34B2971D-40EF-4A4B-B3A2-D88D281A6427} = {827E0CD3-B72D-47B6-A68D-7590B98EB39B}
		{58D8EEE7-5A16-484A-BA26-DB9D9ADA44EF} = {827E0CD3-B72D-47B6-A68D-7590B98EB39B}
	EndGlobalSection
EndGlobal
